
Microsoft Visual Studio Solution File, Format Version 12.00
# Visual Studio Version 17
VisualStudioVersion = 17.6.33723.286
MinimumVisualStudioVersion = 10.0.40219.1
Project("{FAE04EC0-301F-11D3-BF4B-00C04F79EFBC}") = "Shift_Operator", "Shift_Operator.csproj", "{8185E630-6129-448C-A3B3-5EEC1BC59439}"
EndProject
Global
	GlobalSection(SolutionConfigurationPlatforms) = preSolution
		Debug|Any CPU = Debug|Any CPU
		Release|Any CPU = Release|Any CPU
	EndGlobalSection
	GlobalSection(ProjectConfigurationPlatforms) = postSolution
		{8185E630-6129-448C-A3B3-5EEC1BC59439}.Debug|Any CPU.ActiveCfg = Debug|Any CPU
		{8185E630-6129-448C-A3B3-5EEC1BC59439}.Debug|Any CPU.Build.0 = Debug|Any CPU
		{8185E630-6129-448C-A3B3-5EEC1BC59439}.Release|Any CPU.ActiveCfg = Release|Any CPU
		{8185E630-6129-448C-A3B3-5EEC1BC59439}.Release|Any CPU.Build.0 = Release|Any CPU
	EndGlobalSection
	GlobalSection(SolutionProperties) = preSolution
		HideSolutionNode = FALSE
	EndGlobalSection
	GlobalSection(ExtensibilityGlobals) = postSolution
		SolutionGuid = {F14B5165-85F6-439D-810D-0A6A2965476B}
	EndGlobalSection
EndGlobal
