
Microsoft Visual Studio Solution File, Format Version 12.00
# Visual Studio Version 17
VisualStudioVersion = 17.6.33723.286
MinimumVisualStudioVersion = 10.0.40219.1
Project("{FAE04EC0-301F-11D3-BF4B-00C04F79EFBC}") = "Date_Time_Format", "Date_Time_Format.csproj", "{210C7730-8AE3-4D18-8B17-C59CDD92FB4E}"
EndProject
Global
	GlobalSection(SolutionConfigurationPlatforms) = preSolution
		Debug|Any CPU = Debug|Any CPU
		Release|Any CPU = Release|Any CPU
	EndGlobalSection
	GlobalSection(ProjectConfigurationPlatforms) = postSolution
		{210C7730-8AE3-4D18-8B17-C59CDD92FB4E}.Debug|Any CPU.ActiveCfg = Debug|Any CPU
		{210C7730-8AE3-4D18-8B17-C59CDD92FB4E}.Debug|Any CPU.Build.0 = Debug|Any CPU
		{210C7730-8AE3-4D18-8B17-C59CDD92FB4E}.Release|Any CPU.ActiveCfg = Release|Any CPU
		{210C7730-8AE3-4D18-8B17-C59CDD92FB4E}.Release|Any CPU.Build.0 = Release|Any CPU
	EndGlobalSection
	GlobalSection(SolutionProperties) = preSolution
		HideSolutionNode = FALSE
	EndGlobalSection
	GlobalSection(ExtensibilityGlobals) = postSolution
		SolutionGuid = {2C644171-E51A-4E66-B4DC-51D258017815}
	EndGlobalSection
EndGlobal
